
Microsoft Visual Studio Solution File, Format Version 12.00
# Visual Studio 14
VisualStudioVersion = 14.0.24720.0
MinimumVisualStudioVersion = 10.0.40219.1
Project("{8BC9CEB8-8B4A-11D0-8D11-00A0C91BC942}") = "LibAvl", "LibAvl\LibAvl.vcxproj", "{ACABBBB3-1749-44AB-8A49-E7B414C2D7EA}"
EndProject
Project("{8BC9CEB8-8B4A-11D0-8D11-00A0C91BC942}") = "ConsoleApplication1", "ConsoleApplication1\ConsoleApplication1.vcxproj", "{56510F3F-220F-4F62-8DF7-57D32459B1E0}"
EndProject
Global
	GlobalSection(SolutionConfigurationPlatforms) = preSolution
		Debug|x64 = Debug|x64
		Release|x64 = Release|x64
	EndGlobalSection
	GlobalSection(ProjectConfigurationPlatforms) = postSolution
		{ACABBBB3-1749-44AB-8A49-E7B414C2D7EA}.Debug|x64.ActiveCfg = Debug|x64
		{ACABBBB3-1749-44AB-8A49-E7B414C2D7EA}.Debug|x64.Build.0 = Debug|x64
		{ACABBBB3-1749-44AB-8A49-E7B414C2D7EA}.Release|x64.ActiveCfg = Release|x64
		{ACABBBB3-1749-44AB-8A49-E7B414C2D7EA}.Release|x64.Build.0 = Release|x64
		{56510F3F-220F-4F62-8DF7-57D32459B1E0}.Debug|x64.ActiveCfg = Debug|x64
		{56510F3F-220F-4F62-8DF7-57D32459B1E0}.Debug|x64.Build.0 = Debug|x64
		{56510F3F-220F-4F62-8DF7-57D32459B1E0}.Release|x64.ActiveCfg = Release|x64
		{56510F3F-220F-4F62-8DF7-57D32459B1E0}.Release|x64.Build.0 = Release|x64
	EndGlobalSection
	GlobalSection(SolutionProperties) = preSolution
		HideSolutionNode = FALSE
	EndGlobalSection
EndGlobal
